<Solution>
  <Folder Name="/Solution Items/">
    <File Path=".editorconfig" />
    <File Path="Directory.Build.props" />
    <File Path="Directory.Packages.props" />
    <File Path="global.json" />
    <File Path="nuget.config" />
  </Folder>
  <Folder Name="/src/">
    <Project Path="src/eShop.Catalog.Api/eShop.Catalog.Api.csproj" />
  </Folder>
  <Folder Name="/tests/">
    <Project Path="tests/eShop.Catalog.Api.IntegrationTests/eShop.Catalog.Api.IntegrationTests.csproj" />
    <Project Path="tests/eShop.Catalog.Api.UnitTests/eShop.Catalog.Api.UnitTests.csproj" />
  </Folder>
</Solution>
